
Microsoft Visual Studio Solution File, Format Version 12.00
# Visual Studio Version 17
VisualStudioVersion = 17.0.31903.59
MinimumVisualStudioVersion = 10.0.40219.1
Project("{2150E333-8FDC-42A3-9474-1A3956D46DE8}") = "src", "src", "{F4DA8C4F-CF51-4D4B-9E78-AA465F2A6069}"
EndProject
Project("{FAE04EC0-301F-11D3-BF4B-00C04F79EFBC}") = "Tend.API", "src\Tend.API\Tend.API.csproj", "{92751032-E28E-4BF1-A7B3-D0F70A543055}"
EndProject
Global
	GlobalSection(SolutionConfigurationPlatforms) = preSolution
		Debug|Any CPU = Debug|Any CPU
		Release|Any CPU = Release|Any CPU
	EndGlobalSection
	GlobalSection(SolutionProperties) = preSolution
		HideSolutionNode = FALSE
	EndGlobalSection
	GlobalSection(ProjectConfigurationPlatforms) = postSolution
		{92751032-E28E-4BF1-A7B3-D0F70A543055}.Debug|Any CPU.ActiveCfg = Debug|Any CPU
		{92751032-E28E-4BF1-A7B3-D0F70A543055}.Debug|Any CPU.Build.0 = Debug|Any CPU
		{92751032-E28E-4BF1-A7B3-D0F70A543055}.Release|Any CPU.ActiveCfg = Release|Any CPU
		{92751032-E28E-4BF1-A7B3-D0F70A543055}.Release|Any CPU.Build.0 = Release|Any CPU
	EndGlobalSection
	GlobalSection(NestedProjects) = preSolution
		{92751032-E28E-4BF1-A7B3-D0F70A543055} = {F4DA8C4F-CF51-4D4B-9E78-AA465F2A6069}
	EndGlobalSection
EndGlobal
